
Microsoft Visual Studio Solution File, Format Version 12.00
# Visual Studio Version 17
VisualStudioVersion = 17.3.32804.467
MinimumVisualStudioVersion = 10.0.40219.1
Project("{FAE04EC0-301F-11D3-BF4B-00C04F79EFBC}") = "back-end", "back-end\back-end.csproj", "{CDF44591-740F-4F05-9140-E99D2CF713AE}"
EndProject
Global
	GlobalSection(SolutionConfigurationPlatforms) = preSolution
		Debug|Any CPU = Debug|Any CPU
		Release|Any CPU = Release|Any CPU
	EndGlobalSection
	GlobalSection(ProjectConfigurationPlatforms) = postSolution
		{CDF44591-740F-4F05-9140-E99D2CF713AE}.Debug|Any CPU.ActiveCfg = Debug|Any CPU
		{CDF44591-740F-4F05-9140-E99D2CF713AE}.Debug|Any CPU.Build.0 = Debug|Any CPU
		{CDF44591-740F-4F05-9140-E99D2CF713AE}.Release|Any CPU.ActiveCfg = Release|Any CPU
		{CDF44591-740F-4F05-9140-E99D2CF713AE}.Release|Any CPU.Build.0 = Release|Any CPU
	EndGlobalSection
	GlobalSection(SolutionProperties) = preSolution
		HideSolutionNode = FALSE
	EndGlobalSection
	GlobalSection(ExtensibilityGlobals) = postSolution
		SolutionGuid = {44BB1DD2-FCE0-4965-830E-0BFD2CC468C0}
	EndGlobalSection
EndGlobal
